
Microsoft Visual Studio Solution File, Format Version 12.00
# Visual Studio 15
VisualStudioVersion = 15.0.27004.2010
MinimumVisualStudioVersion = 10.0.40219.1
Project("{FAE04EC0-301F-11D3-BF4B-00C04F79EFBC}") = "score_arena", "score_arena\score_arena.csproj", "{A7CC2406-3480-4F64-8406-8D68D4F44C36}"
EndProject
Global
	GlobalSection(SolutionConfigurationPlatforms) = preSolution
		Debug|Any CPU = Debug|Any CPU
		Release|Any CPU = Release|Any CPU
	EndGlobalSection
	GlobalSection(ProjectConfigurationPlatforms) = postSolution
		{A7CC2406-3480-4F64-8406-8D68D4F44C36}.Debug|Any CPU.ActiveCfg = Debug|Any CPU
		{A7CC2406-3480-4F64-8406-8D68D4F44C36}.Debug|Any CPU.Build.0 = Debug|Any CPU
		{A7CC2406-3480-4F64-8406-8D68D4F44C36}.Release|Any CPU.ActiveCfg = Release|Any CPU
		{A7CC2406-3480-4F64-8406-8D68D4F44C36}.Release|Any CPU.Build.0 = Release|Any CPU
	EndGlobalSection
	GlobalSection(SolutionProperties) = preSolution
		HideSolutionNode = FALSE
	EndGlobalSection
	GlobalSection(ExtensibilityGlobals) = postSolution
		SolutionGuid = {B7F9B10F-10BA-444B-B715-75D318275AE5}
	EndGlobalSection
EndGlobal
